// !$*UTF8*$!
{
	archiveVersion = 1;
	classes = {
	};
	objectVersion = 46;
	objects = {

/* Begin PBXBuildFile section */
		FB4EB73C1E78F14E000ED85C /* main.m in Sources */ = {isa = PBXBuildFile; fileRef = FB4EB73B1E78F14E000ED85C /* main.m */; };
		FB4EB73F1E78F14E000ED85C /* AppDelegate.m in Sources */ = {isa = PBXBuildFile; fileRef = FB4EB73E1E78F14E000ED85C /* AppDelegate.m */; };
		FB4EB7421E78F14E000ED85C /* ViewController.m in Sources */ = {isa = PBXBuildFile; fileRef = FB4EB7411E78F14E000ED85C /* ViewController.m */; };
		FB4EB7451E78F14E000ED85C /* Main.storyboard in Resources */ = {isa = PBXBuildFile; fileRef = FB4EB7431E78F14E000ED85C /* Main.storyboard */; };
		FB4EB7471E78F14E000ED85C /* Assets.xcassets in Resources */ = {isa = PBXBuildFile; fileRef = FB4EB7461E78F14E000ED85C /* Assets.xcassets */; };
		FB4EB74A1E78F14E000ED85C /* LaunchScreen.storyboard in Resources */ = {isa = PBXBuildFile; fileRef = FB4EB7481E78F14E000ED85C /* LaunchScreen.storyboard */; };
		FB4EB7551E78F14E000ED85C /* _315Tests.m in Sources */ = {isa = PBXBuildFile; fileRef = FB4EB7541E78F14E000ED85C /* _315Tests.m */; };
		FB4EB7601E78F14E000ED85C /* _315UITests.m in Sources */ = {isa = PBXBuildFile; fileRef = FB4EB75F1E78F14E000ED85C /* _315UITests.m */; };
/* End PBXBuildFile section */

/* Begin PBXContainerItemProxy section */
		FB4EB7511E78F14E000ED85C /* PBXContainerItemProxy */ = {
			isa = PBXContainerItemProxy;
			containerPortal = FB4EB72F1E78F14D000ED85C /* Project object */;
			proxyType = 1;
			remoteGlobalIDString = FB4EB7361E78F14D000ED85C;
			remoteInfo = 0315;
		};
		FB4EB75C1E78F14E000ED85C /* PBXContainerItemProxy */ = {
			isa = PBXContainerItemProxy;
			containerPortal = FB4EB72F1E78F14D000ED85C /* Project object */;
			proxyType = 1;
			remoteGlobalIDString = FB4EB7361E78F14D000ED85C;
			remoteInfo = 0315;
		};
/* End PBXContainerItemProxy section */

/* Begin PBXFileReference section */
		FB4EB7371E78F14D000ED85C /* 0315.app */ = {isa = PBXFileReference; explicitFileType = wrapper.application; includeInIndex = 0; path = 0315.app; sourceTree = BUILT_PRODUCTS_DIR; };
		FB4EB73B1E78F14E000ED85C /* main.m */ = {isa = PBXFileReference; lastKnownFileType = sourcecode.c.objc; path = main.m; sourceTree = "<group>"; };
		FB4EB73D1E78F14E000ED85C /* AppDelegate.h */ = {isa = PBXFileReference; lastKnownFileType = sourcecode.c.h; path = AppDelegate.h; sourceTree = "<group>"; };
		FB4EB73E1E78F14E000ED85C /* AppDelegate.m */ = {isa = PBXFileReference; lastKnownFileType = sourcecode.c.objc; path = AppDelegate.m; sourceTree = "<group>"; };
		FB4EB7401E78F14E000ED85C /* ViewController.h */ = {isa = PBXFileReference; lastKnownFileType = sourcecode.c.h; path = ViewController.h; sourceTree = "<group>"; };
		FB4EB7411E78F14E000ED85C /* ViewController.m */ = {isa = PBXFileReference; lastKnownFileType = sourcecode.c.objc; path = ViewController.m; sourceTree = "<group>"; };
		FB4EB7441E78F14E000ED85C /* Base */ = {isa = PBXFileReference; lastKnownFileType = file.storyboard; name = Base; path = Base.lproj/Main.storyboard; sourceTree = "<group>"; };
		FB4EB7461E78F14E000ED85C /* Assets.xcassets */ = {isa = PBXFileReference; lastKnownFileType = folder.assetcatalog; path = Assets.xcassets; sourceTree = "<group>"; };
		FB4EB7491E78F14E000ED85C /* Base */ = {isa = PBXFileReference; lastKnownFileType = file.storyboard; name = Base; path = Base.lproj/LaunchScreen.storyboard; sourceTree = "<group>"; };
		FB4EB74B1E78F14E000ED85C /* Info.plist */ = {isa = PBXFileReference; lastKnownFileType = text.plist.xml; path = Info.plist; sourceTree = "<group>"; };
		FB4EB7501E78F14E000ED85C /* 0315Tests.xctest */ = {isa = PBXFileReference; explicitFileType = wrapper.cfbundle; includeInIndex = 0; path = 0315Tests.xctest; sourceTree = BUILT_PRODUCTS_DIR; };
		FB4EB7541E78F14E000ED85C /* _315Tests.m */ = {isa = PBXFileReference; lastKnownFileType = sourcecode.c.objc; path = _315Tests.m; sourceTree = "<group>"; };
		FB4EB7561E78F14E000ED85C /* Info.plist */ = {isa = PBXFileReference; lastKnownFileType = text.plist.xml; path = Info.plist; sourceTree = "<group>"; };
		FB4EB75B1E78F14E000ED85C /* 0315UITests.xctest */ = {isa = PBXFileReference; explicitFileType = wrapper.cfbundle; includeInIndex = 0; path = 0315UITests.xctest; sourceTree = BUILT_PRODUCTS_DIR; };
		FB4EB75F1E78F14E000ED85C /* _315UITests.m */ = {isa = PBXFileReference; lastKnownFileType = sourcecode.c.objc; path = _315UITests.m; sourceTree = "<group>"; };
		FB4EB7611E78F14E000ED85C /* Info.plist */ = {isa = PBXFileReference; lastKnownFileType = text.plist.xml; path = Info.plist; sourceTree = "<group>"; };
/* End PBXFileReference section */

/* Begin PBXFrameworksBuildPhase section */
		FB4EB7341E78F14D000ED85C /* Frameworks */ = {
			isa = PBXFrameworksBuildPhase;
			buildActionMask = 2147483647;
			files = (
			);
			runOnlyForDeploymentPostprocessing = 0;
		};
		FB4EB74D1E78F14E000ED85C /* Frameworks */ = {
			isa = PBXFrameworksBuildPhase;
			buildActionMask = 2147483647;
			files = (
			);
			runOnlyForDeploymentPostprocessing = 0;
		};
		FB4EB7581E78F14E000ED85C /* Frameworks */ = {
			isa = PBXFrameworksBuildPhase;
			buildActionMask = 2147483647;
			files = (
			);
			runOnlyForDeploymentPostprocessing = 0;
		};
/* End PBXFrameworksBuildPhase section */

/* Begin PBXGroup section */
		FB4EB72E1E78F14D000ED85C = {
			isa = PBXGroup;
			children = (
				FB4EB7391E78F14D000ED85C /* 0315 */,
				FB4EB7531E78F14E000ED85C /* 0315Tests */,
				FB4EB75E1E78F14E000ED85C /* 0315UITests */,
				FB4EB7381E78F14D000ED85C /* Products */,
			);
			sourceTree = "<group>";
		};
		FB4EB7381E78F14D000ED85C /* Products */ = {
			isa = PBXGroup;
			children = (
				FB4EB7371E78F14D000ED85C /* 0315.app */,
				FB4EB7501E78F14E000ED85C /* 0315Tests.xctest */,
				FB4EB75B1E78F14E000ED85C /* 0315UITests.xctest */,
			);
			name = Products;
			sourceTree = "<group>";
		};
		FB4EB7391E78F14D000ED85C /* 0315 */ = {
			isa = PBXGroup;
			children = (
				FB4EB73D1E78F14E000ED85C /* AppDelegate.h */,
				FB4EB73E1E78F14E000ED85C /* AppDelegate.m */,
				FB4EB7401E78F14E000ED85C /* ViewController.h */,
				FB4EB7411E78F14E000ED85C /* ViewController.m */,
				FB4EB7431E78F14E000ED85C /* Main.storyboard */,
				FB4EB7461E78F14E000ED85C /* Assets.xcassets */,
				FB4EB7481E78F14E000ED85C /* LaunchScreen.storyboard */,
				FB4EB74B1E78F14E000ED85C /* Info.plist */,
				FB4EB73A1E78F14D000ED85C /* Supporting Files */,
			);
			path = 0315;
			sourceTree = "<group>";
		};
		FB4EB73A1E78F14D000ED85C /* Supporting Files */ = {
			isa = PBXGroup;
			children = (
				FB4EB73B1E78F14E000ED85C /* main.m */,
			);
			name = "Supporting Files";
			sourceTree = "<group>";
		};
		FB4EB7531E78F14E000ED85C /* 0315Tests */ = {
			isa = PBXGroup;
			children = (
				FB4EB7541E78F14E000ED85C /* _315Tests.m */,
				FB4EB7561E78F14E000ED85C /* Info.plist */,
			);
			path = 0315Tests;
			sourceTree = "<group>";
		};
		FB4EB75E1E78F14E000ED85C /* 0315UITests */ = {
			isa = PBXGroup;
			children = (
				FB4EB75F1E78F14E000ED85C /* _315UITests.m */,
				FB4EB7611E78F14E000ED85C /* Info.plist */,
			);
			path = 0315UITests;
			sourceTree = "<group>";
		};
/* End PBXGroup section */

/* Begin PBXNativeTarget section */
		FB4EB7361E78F14D000ED85C /* 0315 */ = {
			isa = PBXNativeTarget;
			buildConfigurationList = FB4EB7641E78F14E000ED85C /* Build configuration list for PBXNativeTarget "0315" */;
			buildPhases = (
				FB4EB7331E78F14D000ED85C /* Sources */,
				FB4EB7341E78F14D000ED85C /* Frameworks */,
				FB4EB7351E78F14D000ED85C /* Resources */,
			);
			buildRules = (
			);
			dependencies = (
			);
			name = 0315;
			productName = 0315;
			productReference = FB4EB7371E78F14D000ED85C /* 0315.app */;
			productType = "com.apple.product-type.application";
		};
		FB4EB74F1E78F14E000ED85C /* 0315Tests */ = {
			isa = PBXNativeTarget;
			buildConfigurationList = FB4EB7671E78F14E000ED85C /* Build configuration list for PBXNativeTarget "0315Tests" */;
			buildPhases = (
				FB4EB74C1E78F14E000ED85C /* Sources */,
				FB4EB74D1E78F14E000ED85C /* Frameworks */,
				FB4EB74E1E78F14E000ED85C /* Resources */,
			);
			buildRules = (
			);
			dependencies = (
				FB4EB7521E78F14E000ED85C /* PBXTargetDependency */,
			);
			name = 0315Tests;
			productName = 0315Tests;
			productReference = FB4EB7501E78F14E000ED85C /* 0315Tests.xctest */;
			productType = "com.apple.product-type.bundle.unit-test";
		};
		FB4EB75A1E78F14E000ED85C /* 0315UITests */ = {
			isa = PBXNativeTarget;
			buildConfigurationList = FB4EB76A1E78F14E000ED85C /* Build configuration list for PBXNativeTarget "0315UITests" */;
			buildPhases = (
				FB4EB7571E78F14E000ED85C /* Sources */,
				FB4EB7581E78F14E000ED85C /* Frameworks */,
				FB4EB7591E78F14E000ED85C /* Resources */,
			);
			buildRules = (
			);
			dependencies = (
				FB4EB75D1E78F14E000ED85C /* PBXTargetDependency */,
			);
			name = 0315UITests;
			productName = 0315UITests;
			productReference = FB4EB75B1E78F14E000ED85C /* 0315UITests.xctest */;
			productType = "com.apple.product-type.bundle.ui-testing";
		};
/* End PBXNativeTarget section */

/* Begin PBXProject section */
		FB4EB72F1E78F14D000ED85C /* Project object */ = {
			isa = PBXProject;
			attributes = {
				LastUpgradeCheck = 0820;
				ORGANIZATIONNAME = 0315;
				TargetAttributes = {
					FB4EB7361E78F14D000ED85C = {
						CreatedOnToolsVersion = 8.2.1;
						ProvisioningStyle = Automatic;
					};
					FB4EB74F1E78F14E000ED85C = {
						CreatedOnToolsVersion = 8.2.1;
						ProvisioningStyle = Automatic;
						TestTargetID = FB4EB7361E78F14D000ED85C;
					};
					FB4EB75A1E78F14E000ED85C = {
						CreatedOnToolsVersion = 8.2.1;
						ProvisioningStyle = Automatic;
						TestTargetID = FB4EB7361E78F14D000ED85C;
					};
				};
			};
			buildConfigurationList = FB4EB7321E78F14D000ED85C /* Build configuration list for PBXProject "0315" */;
			compatibilityVersion = "Xcode 3.2";
			developmentRegion = English;
			hasScannedForEncodings = 0;
			knownRegions = (
				en,
				Base,
			);
			mainGroup = FB4EB72E1E78F14D000ED85C;
			productRefGroup = FB4EB7381E78F14D000ED85C /* Products */;
			projectDirPath = "";
			projectRoot = "";
			targets = (
				FB4EB7361E78F14D000ED85C /* 0315 */,
				FB4EB74F1E78F14E000ED85C /* 0315Tests */,
				FB4EB75A1E78F14E000ED85C /* 0315UITests */,
			);
		};
/* End PBXProject section */

/* Begin PBXResourcesBuildPhase section */
		FB4EB7351E78F14D000ED85C /* Resources */ = {
			isa = PBXResourcesBuildPhase;
			buildActionMask = 2147483647;
			files = (
				FB4EB74A1E78F14E000ED85C /* LaunchScreen.storyboard in Resources */,
				FB4EB7471E78F14E000ED85C /* Assets.xcassets in Resources */,
				FB4EB7451E78F14E000ED85C /* Main.storyboard in Resources */,
			);
			runOnlyForDeploymentPostprocessing = 0;
		};
		FB4EB74E1E78F14E000ED85C /* Resources */ = {
			isa = PBXResourcesBuildPhase;
			buildActionMask = 2147483647;
			files = (
			);
			runOnlyForDeploymentPostprocessing = 0;
		};
		FB4EB7591E78F14E000ED85C /* Resources */ = {
			isa = PBXResourcesBuildPhase;
			buildActionMask = 2147483647;
			files = (
			);
			runOnlyForDeploymentPostprocessing = 0;
		};
/* End PBXResourcesBuildPhase section */

/* Begin PBXSourcesBuildPhase section */
		FB4EB7331E78F14D000ED85C /* Sources */ = {
			isa = PBXSourcesBuildPhase;
			buildActionMask = 2147483647;
			files = (
				FB4EB7421E78F14E000ED85C /* ViewController.m in Sources */,
				FB4EB73F1E78F14E000ED85C /* AppDelegate.m in Sources */,
				FB4EB73C1E78F14E000ED85C /* main.m in Sources */,
			);
			runOnlyForDeploymentPostprocessing = 0;
		};
		FB4EB74C1E78F14E000ED85C /* Sources */ = {
			isa = PBXSourcesBuildPhase;
			buildActionMask = 2147483647;
			files = (
				FB4EB7551E78F14E000ED85C /* _315Tests.m in Sources */,
			);
			runOnlyForDeploymentPostprocessing = 0;
		};
		FB4EB7571E78F14E000ED85C /* Sources */ = {
			isa = PBXSourcesBuildPhase;
			buildActionMask = 2147483647;
			files = (
				FB4EB7601E78F14E000ED85C /* _315UITests.m in Sources */,
			);
			runOnlyForDeploymentPostprocessing = 0;
		};
/* End PBXSourcesBuildPhase section */

/* Begin PBXTargetDependency section */
		FB4EB7521E78F14E000ED85C /* PBXTargetDependency */ = {
			isa = PBXTargetDependency;
			target = FB4EB7361E78F14D000ED85C /* 0315 */;
			targetProxy = FB4EB7511E78F14E000ED85C /* PBXContainerItemProxy */;
		};
		FB4EB75D1E78F14E000ED85C /* PBXTargetDependency */ = {
			isa = PBXTargetDependency;
			target = FB4EB7361E78F14D000ED85C /* 0315 */;
			targetProxy = FB4EB75C1E78F14E000ED85C /* PBXContainerItemProxy */;
		};
/* End PBXTargetDependency section */

/* Begin PBXVariantGroup section */
		FB4EB7431E78F14E000ED85C /* Main.storyboard */ = {
			isa = PBXVariantGroup;
			children = (
				FB4EB7441E78F14E000ED85C /* Base */,
			);
			name = Main.storyboard;
			sourceTree = "<group>";
		};
		FB4EB7481E78F14E000ED85C /* LaunchScreen.storyboard */ = {
			isa = PBXVariantGroup;
			children = (
				FB4EB7491E78F14E000ED85C /* Base */,
			);
			name = LaunchScreen.storyboard;
			sourceTree = "<group>";
		};
/* End PBXVariantGroup section */

/* Begin XCBuildConfiguration section */
		FB4EB7621E78F14E000ED85C /* Debug */ = {
			isa = XCBuildConfiguration;
			buildSettings = {
				ALWAYS_SEARCH_USER_PATHS = NO;
				CLANG_ANALYZER_NONNULL = YES;
				CLANG_CXX_LANGUAGE_STANDARD = "gnu++0x";
				CLANG_CXX_LIBRARY = "libc++";
				CLANG_ENABLE_MODULES = YES;
				CLANG_ENABLE_OBJC_ARC = YES;
				CLANG_WARN_BOOL_CONVERSION = YES;
				CLANG_WARN_CONSTANT_CONVERSION = YES;
				CLANG_WARN_DIRECT_OBJC_ISA_USAGE = YES_ERROR;
				CLANG_WARN_DOCUMENTATION_COMMENTS = YES;
				CLANG_WARN_EMPTY_BODY = YES;
				CLANG_WARN_ENUM_CONVERSION = YES;
				CLANG_WARN_INFINITE_RECURSION = YES;
				CLANG_WARN_INT_CONVERSION = YES;
				CLANG_WARN_OBJC_ROOT_CLASS = YES_ERROR;
				CLANG_WARN_SUSPICIOUS_MOVE = YES;
				CLANG_WARN_UNREACHABLE_CODE = YES;
				CLANG_WARN__DUPLICATE_METHOD_MATCH = YES;
				"CODE_SIGN_IDENTITY[sdk=iphoneos*]" = "iPhone Developer";
				COPY_PHASE_STRIP = NO;
				DEBUG_INFORMATION_FORMAT = dwarf;
				ENABLE_STRICT_OBJC_MSGSEND = YES;
				ENABLE_TESTABILITY = YES;
				GCC_C_LANGUAGE_STANDARD = gnu99;
				GCC_DYNAMIC_NO_PIC = NO;
				GCC_NO_COMMON_BLOCKS = YES;
				GCC_OPTIMIZATION_LEVEL = 0;
				GCC_PREPROCESSOR_DEFINITIONS = (
					"DEBUG=1",
					"$(inherited)",
				);
				GCC_WARN_64_TO_32_BIT_CONVERSION = YES;
				GCC_WARN_ABOUT_RETURN_TYPE = YES_ERROR;
				GCC_WARN_UNDECLARED_SELECTOR = YES;
				GCC_WARN_UNINITIALIZED_AUTOS = YES_AGGRESSIVE;
				GCC_WARN_UNUSED_FUNCTION = YES;
				GCC_WARN_UNUSED_VARIABLE = YES;
				IPHONEOS_DEPLOYMENT_TARGET = 10.2;
				MTL_ENABLE_DEBUG_INFO = YES;
				ONLY_ACTIVE_ARCH = YES;
				SDKROOT = iphoneos;
			};
			name = Debug;
		};
		FB4EB7631E78F14E000ED85C /* Release */ = {
			isa = XCBuildConfiguration;
			buildSettings = {
				ALWAYS_SEARCH_USER_PATHS = NO;
				CLANG_ANALYZER_NONNULL = YES;
				CLANG_CXX_LANGUAGE_STANDARD = "gnu++0x";
				CLANG_CXX_LIBRARY = "libc++";
				CLANG_ENABLE_MODULES = YES;
				CLANG_ENABLE_OBJC_ARC = YES;
				CLANG_WARN_BOOL_CONVERSION = YES;
				CLANG_WARN_CONSTANT_CONVERSION = YES;
				CLANG_WARN_DIRECT_OBJC_ISA_USAGE = YES_ERROR;
				CLANG_WARN_DOCUMENTATION_COMMENTS = YES;
				CLANG_WARN_EMPTY_BODY = YES;
				CLANG_WARN_ENUM_CONVERSION = YES;
				CLANG_WARN_INFINITE_RECURSION = YES;
				CLANG_WARN_INT_CONVERSION = YES;
				CLANG_WARN_OBJC_ROOT_CLASS = YES_ERROR;
				CLANG_WARN_SUSPICIOUS_MOVE = YES;
				CLANG_WARN_UNREACHABLE_CODE = YES;
				CLANG_WARN__DUPLICATE_METHOD_MATCH = YES;
				"CODE_SIGN_IDENTITY[sdk=iphoneos*]" = "iPhone Developer";
				COPY_PHASE_STRIP = NO;
				DEBUG_INFORMATION_FORMAT = "dwarf-with-dsym";
				ENABLE_NS_ASSERTIONS = NO;
				ENABLE_STRICT_OBJC_MSGSEND = YES;
				GCC_C_LANGUAGE_STANDARD = gnu99;
				GCC_NO_COMMON_BLOCKS = YES;
				GCC_WARN_64_TO_32_BIT_CONVERSION = YES;
				GCC_WARN_ABOUT_RETURN_TYPE = YES_ERROR;
				GCC_WARN_UNDECLARED_SELECTOR = YES;
				GCC_WARN_UNINITIALIZED_AUTOS = YES_AGGRESSIVE;
				GCC_WARN_UNUSED_FUNCTION = YES;
				GCC_WARN_UNUSED_VARIABLE = YES;
				IPHONEOS_DEPLOYMENT_TARGET = 10.2;
				MTL_ENABLE_DEBUG_INFO = NO;
				SDKROOT = iphoneos;
				VALIDATE_PRODUCT = YES;
			};
			name = Release;
		};
		FB4EB7651E78F14E000ED85C /* Debug */ = {
			isa = XCBuildConfiguration;
			buildSettings = {
				ASSETCATALOG_COMPILER_APPICON_NAME = AppIcon;
				INFOPLIST_FILE = 0315/Info.plist;
				LD_RUNPATH_SEARCH_PATHS = "$(inherited) @executable_path/Frameworks";
				PRODUCT_BUNDLE_IDENTIFIER = "-315.-315";
				PRODUCT_NAME = "$(TARGET_NAME)";
			};
			name = Debug;
		};
		FB4EB7661E78F14E000ED85C /* Release */ = {
			isa = XCBuildConfiguration;
			buildSettings = {
				ASSETCATALOG_COMPILER_APPICON_NAME = AppIcon;
				INFOPLIST_FILE = 0315/Info.plist;
				LD_RUNPATH_SEARCH_PATHS = "$(inherited) @executable_path/Frameworks";
				PRODUCT_BUNDLE_IDENTIFIER = "-315.-315";
				PRODUCT_NAME = "$(TARGET_NAME)";
			};
			name = Release;
		};
		FB4EB7681E78F14E000ED85C /* Debug */ = {
			isa = XCBuildConfiguration;
			buildSettings = {
				BUNDLE_LOADER = "$(TEST_HOST)";
				INFOPLIST_FILE = 0315Tests/Info.plist;
				LD_RUNPATH_SEARCH_PATHS = "$(inherited) @executable_path/Frameworks @loader_path/Frameworks";
				PRODUCT_BUNDLE_IDENTIFIER = "-315.-315Tests";
				PRODUCT_NAME = "$(TARGET_NAME)";
				TEST_HOST = "$(BUILT_PRODUCTS_DIR)/0315.app/0315";
			};
			name = Debug;
		};
		FB4EB7691E78F14E000ED85C /* Release */ = {
			isa = XCBuildConfiguration;
			buildSettings = {
				BUNDLE_LOADER = "$(TEST_HOST)";
				INFOPLIST_FILE = 0315Tests/Info.plist;
				LD_RUNPATH_SEARCH_PATHS = "$(inherited) @executable_path/Frameworks @loader_path/Frameworks";
				PRODUCT_BUNDLE_IDENTIFIER = "-315.-315Tests";
				PRODUCT_NAME = "$(TARGET_NAME)";
				TEST_HOST = "$(BUILT_PRODUCTS_DIR)/0315.app/0315";
			};
			name = Release;
		};
		FB4EB76B1E78F14E000ED85C /* Debug */ = {
			isa = XCBuildConfiguration;
			buildSettings = {
				INFOPLIST_FILE = 0315UITests/Info.plist;
				LD_RUNPATH_SEARCH_PATHS = "$(inherited) @executable_path/Frameworks @loader_path/Frameworks";
				PRODUCT_BUNDLE_IDENTIFIER = "-315.-315UITests";
				PRODUCT_NAME = "$(TARGET_NAME)";
				TEST_TARGET_NAME = 0315;
			};
			name = Debug;
		};
		FB4EB76C1E78F14E000ED85C /* Release */ = {
			isa = XCBuildConfiguration;
			buildSettings = {
				INFOPLIST_FILE = 0315UITests/Info.plist;
				LD_RUNPATH_SEARCH_PATHS = "$(inherited) @executable_path/Frameworks @loader_path/Frameworks";
				PRODUCT_BUNDLE_IDENTIFIER = "-315.-315UITests";
				PRODUCT_NAME = "$(TARGET_NAME)";
				TEST_TARGET_NAME = 0315;
			};
			name = Release;
		};
/* End XCBuildConfiguration section */

/* Begin XCConfigurationList section */
		FB4EB7321E78F14D000ED85C /* Build configuration list for PBXProject "0315" */ = {
			isa = XCConfigurationList;
			buildConfigurations = (
				FB4EB7621E78F14E000ED85C /* Debug */,
				FB4EB7631E78F14E000ED85C /* Release */,
			);
			defaultConfigurationIsVisible = 0;
			defaultConfigurationName = Release;
		};
		FB4EB7641E78F14E000ED85C /* Build configuration list for PBXNativeTarget "0315" */ = {
			isa = XCConfigurationList;
			buildConfigurations = (
				FB4EB7651E78F14E000ED85C /* Debug */,
				FB4EB7661E78F14E000ED85C /* Release */,
			);
			defaultConfigurationIsVisible = 0;
		};
		FB4EB7671E78F14E000ED85C /* Build configuration list for PBXNativeTarget "0315Tests" */ = {
			isa = XCConfigurationList;
			buildConfigurations = (
				FB4EB7681E78F14E000ED85C /* Debug */,
				FB4EB7691E78F14E000ED85C /* Release */,
			);
			defaultConfigurationIsVisible = 0;
		};
		FB4EB76A1E78F14E000ED85C /* Build configuration list for PBXNativeTarget "0315UITests" */ = {
			isa = XCConfigurationList;
			buildConfigurations = (
				FB4EB76B1E78F14E000ED85C /* Debug */,
				FB4EB76C1E78F14E000ED85C /* Release */,
			);
			defaultConfigurationIsVisible = 0;
		};
/* End XCConfigurationList section */
	};
	rootObject = FB4EB72F1E78F14D000ED85C /* Project object */;
}
